
Microsoft Visual Studio Solution File, Format Version 12.00
# Visual Studio 15
VisualStudioVersion = 15.0.27130.2024
MinimumVisualStudioVersion = 10.0.40219.1
Project("{FAE04EC0-301F-11D3-BF4B-00C04F79EFBC}") = "MVCAzureFileStorage", "MVCAzureFileStorage\MVCAzureFileStorage.csproj", "{90A2D025-41FF-446C-9846-EA79C633773E}"
EndProject
Global
	GlobalSection(SolutionConfigurationPlatforms) = preSolution
		Debug|Any CPU = Debug|Any CPU
		Release|Any CPU = Release|Any CPU
	EndGlobalSection
	GlobalSection(ProjectConfigurationPlatforms) = postSolution
		{90A2D025-41FF-446C-9846-EA79C633773E}.Debug|Any CPU.ActiveCfg = Debug|Any CPU
		{90A2D025-41FF-446C-9846-EA79C633773E}.Debug|Any CPU.Build.0 = Debug|Any CPU
		{90A2D025-41FF-446C-9846-EA79C633773E}.Release|Any CPU.ActiveCfg = Release|Any CPU
		{90A2D025-41FF-446C-9846-EA79C633773E}.Release|Any CPU.Build.0 = Release|Any CPU
	EndGlobalSection
	GlobalSection(SolutionProperties) = preSolution
		HideSolutionNode = FALSE
	EndGlobalSection
	GlobalSection(ExtensibilityGlobals) = postSolution
		SolutionGuid = {1E3F04D3-6A93-4F7F-8EF8-AF8ABE7A85D5}
	EndGlobalSection
EndGlobal
